
Microsoft Visual Studio Solution File, Format Version 12.00
# Visual Studio Version 17
VisualStudioVersion = 17.5.33516.290
MinimumVisualStudioVersion = 10.0.40219.1
Project("{2150E333-8FDC-42A3-9474-1A3956D46DE8}") = "Microservices", "Microservices", "{F465AFB7-1577-4D31-8827-E0E271C3A69C}"
EndProject
Project("{FAE04EC0-301F-11D3-BF4B-00C04F79EFBC}") = "Sliit.MTIT.Student", "Sliit.MTIT.Student\Sliit.MTIT.Student.csproj", "{DB45E97D-48A9-4ABE-A8BB-551E62E9F6D8}"
EndProject
Project("{2150E333-8FDC-42A3-9474-1A3956D46DE8}") = "Gateways", "Gateways", "{34385DBF-008F-4841-9146-C3C2942F533F}"
EndProject
Project("{FAE04EC0-301F-11D3-BF4B-00C04F79EFBC}") = "Sliit.MTIT.Ocelote", "Sliit.MTIT.Ocelote\Sliit.MTIT.Ocelote.csproj", "{2D85E931-22DE-4FEA-9E1F-7304AA48350B}"
EndProject
Global
	GlobalSection(SolutionConfigurationPlatforms) = preSolution
		Debug|Any CPU = Debug|Any CPU
		Release|Any CPU = Release|Any CPU
	EndGlobalSection
	GlobalSection(ProjectConfigurationPlatforms) = postSolution
		{DB45E97D-48A9-4ABE-A8BB-551E62E9F6D8}.Debug|Any CPU.ActiveCfg = Debug|Any CPU
		{DB45E97D-48A9-4ABE-A8BB-551E62E9F6D8}.Debug|Any CPU.Build.0 = Debug|Any CPU
		{DB45E97D-48A9-4ABE-A8BB-551E62E9F6D8}.Release|Any CPU.ActiveCfg = Release|Any CPU
		{DB45E97D-48A9-4ABE-A8BB-551E62E9F6D8}.Release|Any CPU.Build.0 = Release|Any CPU
		{2D85E931-22DE-4FEA-9E1F-7304AA48350B}.Debug|Any CPU.ActiveCfg = Debug|Any CPU
		{2D85E931-22DE-4FEA-9E1F-7304AA48350B}.Debug|Any CPU.Build.0 = Debug|Any CPU
		{2D85E931-22DE-4FEA-9E1F-7304AA48350B}.Release|Any CPU.ActiveCfg = Release|Any CPU
		{2D85E931-22DE-4FEA-9E1F-7304AA48350B}.Release|Any CPU.Build.0 = Release|Any CPU
	EndGlobalSection
	GlobalSection(SolutionProperties) = preSolution
		HideSolutionNode = FALSE
	EndGlobalSection
	GlobalSection(NestedProjects) = preSolution
		{DB45E97D-48A9-4ABE-A8BB-551E62E9F6D8} = {F465AFB7-1577-4D31-8827-E0E271C3A69C}
		{2D85E931-22DE-4FEA-9E1F-7304AA48350B} = {34385DBF-008F-4841-9146-C3C2942F533F}
	EndGlobalSection
	GlobalSection(ExtensibilityGlobals) = postSolution
		SolutionGuid = {0DC1C0EE-CFB1-45E7-90AE-DD7D5D64C441}
	EndGlobalSection
EndGlobal
